
Microsoft Visual Studio Solution File, Format Version 12.00
# Visual Studio Version 17
VisualStudioVersion = 17.0.32112.339
MinimumVisualStudioVersion = 10.0.40219.1
Project("{9A19103F-16F7-4668-BE54-9A1E7A4F7556}") = "ObserverPatternFinalCheck", "ObserverPatternFinalCheck.csproj", "{EEF5687B-56C4-4889-B974-5CF4C8642BB5}"
EndProject
Global
	GlobalSection(SolutionConfigurationPlatforms) = preSolution
		Debug|Any CPU = Debug|Any CPU
		Release|Any CPU = Release|Any CPU
	EndGlobalSection
	GlobalSection(ProjectConfigurationPlatforms) = postSolution
		{EEF5687B-56C4-4889-B974-5CF4C8642BB5}.Debug|Any CPU.ActiveCfg = Debug|Any CPU
		{EEF5687B-56C4-4889-B974-5CF4C8642BB5}.Debug|Any CPU.Build.0 = Debug|Any CPU
		{EEF5687B-56C4-4889-B974-5CF4C8642BB5}.Release|Any CPU.ActiveCfg = Release|Any CPU
		{EEF5687B-56C4-4889-B974-5CF4C8642BB5}.Release|Any CPU.Build.0 = Release|Any CPU
	EndGlobalSection
	GlobalSection(SolutionProperties) = preSolution
		HideSolutionNode = FALSE
	EndGlobalSection
	GlobalSection(ExtensibilityGlobals) = postSolution
		SolutionGuid = {53B8AE1B-E390-4A3B-BABE-738F33918A26}
	EndGlobalSection
EndGlobal
