
Microsoft Visual Studio Solution File, Format Version 12.00
# Visual Studio Version 17
VisualStudioVersion = 17.0.32014.148
MinimumVisualStudioVersion = 10.0.40219.1
Project("{FAE04EC0-301F-11D3-BF4B-00C04F79EFBC}") = "CodeAnalysis3", "CodeAnalysis3.csproj", "{5CF4DB8A-B91D-4B52-B889-2E0BADA14E89}"
EndProject
Global
	GlobalSection(SolutionConfigurationPlatforms) = preSolution
		Debug|Any CPU = Debug|Any CPU
		Release|Any CPU = Release|Any CPU
	EndGlobalSection
	GlobalSection(ProjectConfigurationPlatforms) = postSolution
		{5CF4DB8A-B91D-4B52-B889-2E0BADA14E89}.Debug|Any CPU.ActiveCfg = Debug|Any CPU
		{5CF4DB8A-B91D-4B52-B889-2E0BADA14E89}.Debug|Any CPU.Build.0 = Debug|Any CPU
		{5CF4DB8A-B91D-4B52-B889-2E0BADA14E89}.Release|Any CPU.ActiveCfg = Release|Any CPU
		{5CF4DB8A-B91D-4B52-B889-2E0BADA14E89}.Release|Any CPU.Build.0 = Release|Any CPU
	EndGlobalSection
	GlobalSection(SolutionProperties) = preSolution
		HideSolutionNode = FALSE
	EndGlobalSection
	GlobalSection(ExtensibilityGlobals) = postSolution
		SolutionGuid = {1950E645-560A-4DC1-A412-6EA71F0407C9}
	EndGlobalSection
EndGlobal
