
Microsoft Visual Studio Solution File, Format Version 12.00
# Visual Studio Version 17
VisualStudioVersion = 17.0.32112.339
MinimumVisualStudioVersion = 10.0.40219.1
Project("{FAE04EC0-301F-11D3-BF4B-00C04F79EFBC}") = "PartialView", "PartialView\PartialView.csproj", "{E57F9A12-1737-4EBE-855B-4EF05FB770DF}"
EndProject
Global
	GlobalSection(SolutionConfigurationPlatforms) = preSolution
		Debug|Any CPU = Debug|Any CPU
		Release|Any CPU = Release|Any CPU
	EndGlobalSection
	GlobalSection(ProjectConfigurationPlatforms) = postSolution
		{E57F9A12-1737-4EBE-855B-4EF05FB770DF}.Debug|Any CPU.ActiveCfg = Debug|Any CPU
		{E57F9A12-1737-4EBE-855B-4EF05FB770DF}.Debug|Any CPU.Build.0 = Debug|Any CPU
		{E57F9A12-1737-4EBE-855B-4EF05FB770DF}.Release|Any CPU.ActiveCfg = Release|Any CPU
		{E57F9A12-1737-4EBE-855B-4EF05FB770DF}.Release|Any CPU.Build.0 = Release|Any CPU
	EndGlobalSection
	GlobalSection(SolutionProperties) = preSolution
		HideSolutionNode = FALSE
	EndGlobalSection
	GlobalSection(ExtensibilityGlobals) = postSolution
		SolutionGuid = {D808145D-3540-43EF-AE4F-1F9B350FB22E}
	EndGlobalSection
EndGlobal
